
Microsoft Visual Studio Solution File, Format Version 12.00
Project("{FAE04EC0-301F-11D3-BF4B-00C04F79EFBC}") = "LinkedList", "LinkedList\LinkedList.csproj", "{8EB38D1A-0C58-460B-8884-9CEAD2C32D1A}"
EndProject
Project("{FAE04EC0-301F-11D3-BF4B-00C04F79EFBC}") = "ConsoleHost", "ConsoleHost\ConsoleHost.csproj", "{9B6C7C33-6B22-4BE4-8C58-2EC5A2535C8B}"
EndProject
Global
	GlobalSection(SolutionConfigurationPlatforms) = preSolution
		Debug|Any CPU = Debug|Any CPU
		Release|Any CPU = Release|Any CPU
	EndGlobalSection
	GlobalSection(ProjectConfigurationPlatforms) = postSolution
		{8EB38D1A-0C58-460B-8884-9CEAD2C32D1A}.Debug|Any CPU.ActiveCfg = Debug|Any CPU
		{8EB38D1A-0C58-460B-8884-9CEAD2C32D1A}.Debug|Any CPU.Build.0 = Debug|Any CPU
		{8EB38D1A-0C58-460B-8884-9CEAD2C32D1A}.Release|Any CPU.ActiveCfg = Release|Any CPU
		{8EB38D1A-0C58-460B-8884-9CEAD2C32D1A}.Release|Any CPU.Build.0 = Release|Any CPU
		{9B6C7C33-6B22-4BE4-8C58-2EC5A2535C8B}.Debug|Any CPU.ActiveCfg = Debug|Any CPU
		{9B6C7C33-6B22-4BE4-8C58-2EC5A2535C8B}.Debug|Any CPU.Build.0 = Debug|Any CPU
		{9B6C7C33-6B22-4BE4-8C58-2EC5A2535C8B}.Release|Any CPU.ActiveCfg = Release|Any CPU
		{9B6C7C33-6B22-4BE4-8C58-2EC5A2535C8B}.Release|Any CPU.Build.0 = Release|Any CPU
	EndGlobalSection
EndGlobal
